
Microsoft Visual Studio Solution File, Format Version 12.00
# Visual Studio Version 16
VisualStudioVersion = 16.0.31005.135
MinimumVisualStudioVersion = 10.0.40219.1
Project("{FAE04EC0-301F-11D3-BF4B-00C04F79EFBC}") = "UDS_Decoder", "UDS_Decoder.csproj", "{179B806D-1B81-49BD-AA6A-8FC3248F84EC}"
EndProject
Global
	GlobalSection(SolutionConfigurationPlatforms) = preSolution
		Debug|Any CPU = Debug|Any CPU
		Release|Any CPU = Release|Any CPU
	EndGlobalSection
	GlobalSection(ProjectConfigurationPlatforms) = postSolution
		{179B806D-1B81-49BD-AA6A-8FC3248F84EC}.Debug|Any CPU.ActiveCfg = Debug|Any CPU
		{179B806D-1B81-49BD-AA6A-8FC3248F84EC}.Debug|Any CPU.Build.0 = Debug|Any CPU
		{179B806D-1B81-49BD-AA6A-8FC3248F84EC}.Release|Any CPU.ActiveCfg = Release|Any CPU
		{179B806D-1B81-49BD-AA6A-8FC3248F84EC}.Release|Any CPU.Build.0 = Release|Any CPU
	EndGlobalSection
	GlobalSection(SolutionProperties) = preSolution
		HideSolutionNode = FALSE
	EndGlobalSection
	GlobalSection(ExtensibilityGlobals) = postSolution
		SolutionGuid = {C9CBB678-0D34-43C6-BE27-32E296A357E8}
	EndGlobalSection
EndGlobal
